{
  "nodes": {
    "flake-utils": {
      "locked": {
        "lastModified": 1649676176,
        "narHash": "sha256-OWKJratjt2RW151VUlJPRALb7OU2S5s+f0vLj4o1bHM=",
        "owner": "numtide",
        "repo": "flake-utils",
        "rev": "a4b154ebbdc88c8498a5c7b01589addc9e9cb678",
        "type": "github"
      },
      "original": {
        "owner": "numtide",
        "repo": "flake-utils",
        "type": "github"
      }
    },
    "hakyll": {
      "flake": false,
      "locked": {
        "lastModified": 1650205658,
        "narHash": "sha256-MnrZHZiSENJlP3IsOv1SuNUobJ3IZYe4tdnuQRTRwL0=",
        "owner": "jaspervdj",
        "repo": "hakyll",
        "rev": "4d7a2f3632a0e62a43dc2c8027c4befc279a352a",
        "type": "github"
      },
      "original": {
        "owner": "jaspervdj",
        "ref": "master",
        "repo": "hakyll",
        "type": "github"
      }
    },
    "nixpkgs": {
      "locked": {
        "lastModified": 1650828861,
        "narHash": "sha256-v1Z+Ykaryuw16+s1+KnEB8rYnItIQOJ8Azo+R6+nizY=",
        "owner": "NixOS",
        "repo": "nixpkgs",
        "rev": "09450ad530badacaff2e758c24fec37c883d93b7",
        "type": "github"
      },
      "original": {
        "owner": "NixOS",
        "ref": "master",
        "repo": "nixpkgs",
        "type": "github"
      }
    },
    "root": {
      "inputs": {
        "flake-utils": "flake-utils",
        "hakyll": "hakyll",
        "nixpkgs": "nixpkgs"
      }
    }
  },
  "root": "root",
  "version": 7
}
