{
  "nodes": {
    "flake-utils": {
      "inputs": {
        "systems": "systems"
      },
      "locked": {
        "lastModified": 1687709756,
        "narHash": "sha256-Y5wKlQSkgEK2weWdOu4J3riRd+kV/VCgHsqLNTTWQ/0=",
        "owner": "numtide",
        "repo": "flake-utils",
        "rev": "dbabf0ca0c0c4bce6ea5eaf65af5cb694d2082c7",
        "type": "github"
      },
      "original": {
        "owner": "numtide",
        "repo": "flake-utils",
        "type": "github"
      }
    },
    "hakyll": {
      "flake": false,
      "locked": {
        "lastModified": 1682960433,
        "narHash": "sha256-53zpSzsuD/uCf0bqnabbGHsxyhlOq8EgpCXn8D0Nf2E=",
        "owner": "jaspervdj",
        "repo": "hakyll",
        "rev": "58e8f68629bcf33950d133c0b74ef5ec22ba2b35",
        "type": "github"
      },
      "original": {
        "owner": "jaspervdj",
        "ref": "master",
        "repo": "hakyll",
        "type": "github"
      }
    },
    "nixpkgs": {
      "locked": {
        "lastModified": 1688663362,
        "narHash": "sha256-VUMGxnnOktwLP6iA12atIcxnf2zhsXDwMqG1Obkfpvs=",
        "owner": "NixOS",
        "repo": "nixpkgs",
        "rev": "0ad0cc50395a085200bd7901258118e75a1c63ba",
        "type": "github"
      },
      "original": {
        "owner": "NixOS",
        "ref": "master",
        "repo": "nixpkgs",
        "type": "github"
      }
    },
    "root": {
      "inputs": {
        "flake-utils": "flake-utils",
        "hakyll": "hakyll",
        "nixpkgs": "nixpkgs"
      }
    },
    "systems": {
      "locked": {
        "lastModified": 1681028828,
        "narHash": "sha256-Vy1rq5AaRuLzOxct8nz4T6wlgyUR7zLU309k9mBC768=",
        "owner": "nix-systems",
        "repo": "default",
        "rev": "da67096a3b9bf56a91d16901293e51ba5b49a27e",
        "type": "github"
      },
      "original": {
        "owner": "nix-systems",
        "repo": "default",
        "type": "github"
      }
    }
  },
  "root": "root",
  "version": 7
}
